
Microsoft Visual Studio Solution File, Format Version 10.00
# Visual C++ Express 2008
Project("{8BC9CEB8-8B4A-11D0-8D11-00A0C91BC942}") = "Unary_operator_overload", "Unary_operator_overload\Unary_operator_overload.vcproj", "{2329632E-5822-4860-8616-0A548956DC46}"
EndProject
Global
	GlobalSection(SolutionConfigurationPlatforms) = preSolution
		Debug|Win32 = Debug|Win32
		Release|Win32 = Release|Win32
	EndGlobalSection
	GlobalSection(ProjectConfigurationPlatforms) = postSolution
		{2329632E-5822-4860-8616-0A548956DC46}.Debug|Win32.ActiveCfg = Debug|Win32
		{2329632E-5822-4860-8616-0A548956DC46}.Debug|Win32.Build.0 = Debug|Win32
		{2329632E-5822-4860-8616-0A548956DC46}.Release|Win32.ActiveCfg = Release|Win32
		{2329632E-5822-4860-8616-0A548956DC46}.Release|Win32.Build.0 = Release|Win32
	EndGlobalSection
	GlobalSection(SolutionProperties) = preSolution
		HideSolutionNode = FALSE
	EndGlobalSection
EndGlobal
