
Microsoft Visual Studio Solution File, Format Version 10.00
# Visual C++ Express 2008
Project("{8BC9CEB8-8B4A-11D0-8D11-00A0C91BC942}") = "equal.c", "equal.c\equal.c.vcproj", "{7BEA8AE6-5855-48BA-B8E7-EA58BC2D4E60}"
EndProject
Global
	GlobalSection(SolutionConfigurationPlatforms) = preSolution
		Debug|Win32 = Debug|Win32
		Release|Win32 = Release|Win32
	EndGlobalSection
	GlobalSection(ProjectConfigurationPlatforms) = postSolution
		{7BEA8AE6-5855-48BA-B8E7-EA58BC2D4E60}.Debug|Win32.ActiveCfg = Debug|Win32
		{7BEA8AE6-5855-48BA-B8E7-EA58BC2D4E60}.Debug|Win32.Build.0 = Debug|Win32
		{7BEA8AE6-5855-48BA-B8E7-EA58BC2D4E60}.Release|Win32.ActiveCfg = Release|Win32
		{7BEA8AE6-5855-48BA-B8E7-EA58BC2D4E60}.Release|Win32.Build.0 = Release|Win32
	EndGlobalSection
	GlobalSection(SolutionProperties) = preSolution
		HideSolutionNode = FALSE
	EndGlobalSection
EndGlobal
