
Microsoft Visual Studio Solution File, Format Version 10.00
# Visual C++ Express 2008
Project("{8BC9CEB8-8B4A-11D0-8D11-00A0C91BC942}") = "outside_binary_operator_overloading", "outside_binary_operator_overloading\outside_binary_operator_overloading.vcproj", "{17A1BC05-EA50-4926-9CA5-F63A3DF2C85F}"
EndProject
Global
	GlobalSection(SolutionConfigurationPlatforms) = preSolution
		Debug|Win32 = Debug|Win32
		Release|Win32 = Release|Win32
	EndGlobalSection
	GlobalSection(ProjectConfigurationPlatforms) = postSolution
		{17A1BC05-EA50-4926-9CA5-F63A3DF2C85F}.Debug|Win32.ActiveCfg = Debug|Win32
		{17A1BC05-EA50-4926-9CA5-F63A3DF2C85F}.Debug|Win32.Build.0 = Debug|Win32
		{17A1BC05-EA50-4926-9CA5-F63A3DF2C85F}.Release|Win32.ActiveCfg = Release|Win32
		{17A1BC05-EA50-4926-9CA5-F63A3DF2C85F}.Release|Win32.Build.0 = Release|Win32
	EndGlobalSection
	GlobalSection(SolutionProperties) = preSolution
		HideSolutionNode = FALSE
	EndGlobalSection
EndGlobal
