
Microsoft Visual Studio Solution File, Format Version 10.00
# Visual C++ Express 2008
Project("{8BC9CEB8-8B4A-11D0-8D11-00A0C91BC942}") = "structure", "structure\structure.vcproj", "{387E0CD1-B94C-413B-A15C-866677C803EF}"
EndProject
Global
	GlobalSection(SolutionConfigurationPlatforms) = preSolution
		Debug|Win32 = Debug|Win32
		Release|Win32 = Release|Win32
	EndGlobalSection
	GlobalSection(ProjectConfigurationPlatforms) = postSolution
		{387E0CD1-B94C-413B-A15C-866677C803EF}.Debug|Win32.ActiveCfg = Debug|Win32
		{387E0CD1-B94C-413B-A15C-866677C803EF}.Debug|Win32.Build.0 = Debug|Win32
		{387E0CD1-B94C-413B-A15C-866677C803EF}.Release|Win32.ActiveCfg = Release|Win32
		{387E0CD1-B94C-413B-A15C-866677C803EF}.Release|Win32.Build.0 = Release|Win32
	EndGlobalSection
	GlobalSection(SolutionProperties) = preSolution
		HideSolutionNode = FALSE
	EndGlobalSection
EndGlobal
