
Microsoft Visual Studio Solution File, Format Version 10.00
# Visual C++ Express 2008
Project("{8BC9CEB8-8B4A-11D0-8D11-00A0C91BC942}") = "copy_constructor_1", "copy_constructor_1\copy_constructor_1.vcproj", "{44AB2AD4-3D0C-4FC1-8AA7-F34A36EB8AFF}"
EndProject
Global
	GlobalSection(SolutionConfigurationPlatforms) = preSolution
		Debug|Win32 = Debug|Win32
		Release|Win32 = Release|Win32
	EndGlobalSection
	GlobalSection(ProjectConfigurationPlatforms) = postSolution
		{44AB2AD4-3D0C-4FC1-8AA7-F34A36EB8AFF}.Debug|Win32.ActiveCfg = Debug|Win32
		{44AB2AD4-3D0C-4FC1-8AA7-F34A36EB8AFF}.Debug|Win32.Build.0 = Debug|Win32
		{44AB2AD4-3D0C-4FC1-8AA7-F34A36EB8AFF}.Release|Win32.ActiveCfg = Release|Win32
		{44AB2AD4-3D0C-4FC1-8AA7-F34A36EB8AFF}.Release|Win32.Build.0 = Release|Win32
	EndGlobalSection
	GlobalSection(SolutionProperties) = preSolution
		HideSolutionNode = FALSE
	EndGlobalSection
EndGlobal
