
Microsoft Visual Studio Solution File, Format Version 10.00
# Visual C++ Express 2008
Project("{8BC9CEB8-8B4A-11D0-8D11-00A0C91BC942}") = "recursion_demo", "recursion_demo\recursion_demo.vcproj", "{DE9DB240-3498-472C-9341-39F00F2E0879}"
EndProject
Global
	GlobalSection(SolutionConfigurationPlatforms) = preSolution
		Debug|Win32 = Debug|Win32
		Release|Win32 = Release|Win32
	EndGlobalSection
	GlobalSection(ProjectConfigurationPlatforms) = postSolution
		{DE9DB240-3498-472C-9341-39F00F2E0879}.Debug|Win32.ActiveCfg = Debug|Win32
		{DE9DB240-3498-472C-9341-39F00F2E0879}.Debug|Win32.Build.0 = Debug|Win32
		{DE9DB240-3498-472C-9341-39F00F2E0879}.Release|Win32.ActiveCfg = Release|Win32
		{DE9DB240-3498-472C-9341-39F00F2E0879}.Release|Win32.Build.0 = Release|Win32
	EndGlobalSection
	GlobalSection(SolutionProperties) = preSolution
		HideSolutionNode = FALSE
	EndGlobalSection
EndGlobal
