
Microsoft Visual Studio Solution File, Format Version 10.00
# Visual C++ Express 2008
Project("{8BC9CEB8-8B4A-11D0-8D11-00A0C91BC942}") = "recursive_reverse_number", "recursive_reverse_number.vcproj", "{FD58EB0F-9351-4533-91EB-C88084610976}"
EndProject
Global
	GlobalSection(SolutionConfigurationPlatforms) = preSolution
		Debug|Win32 = Debug|Win32
		Release|Win32 = Release|Win32
	EndGlobalSection
	GlobalSection(ProjectConfigurationPlatforms) = postSolution
		{FD58EB0F-9351-4533-91EB-C88084610976}.Debug|Win32.ActiveCfg = Debug|Win32
		{FD58EB0F-9351-4533-91EB-C88084610976}.Debug|Win32.Build.0 = Debug|Win32
		{FD58EB0F-9351-4533-91EB-C88084610976}.Release|Win32.ActiveCfg = Release|Win32
		{FD58EB0F-9351-4533-91EB-C88084610976}.Release|Win32.Build.0 = Release|Win32
	EndGlobalSection
	GlobalSection(SolutionProperties) = preSolution
		HideSolutionNode = FALSE
	EndGlobalSection
EndGlobal
