
Microsoft Visual Studio Solution File, Format Version 10.00
# Visual C++ Express 2008
Project("{8BC9CEB8-8B4A-11D0-8D11-00A0C91BC942}") = "Twoclasses", "Twoclasses\Twoclasses.vcproj", "{58A21F83-00FD-4409-BAB6-1884C7E24369}"
EndProject
Global
	GlobalSection(SolutionConfigurationPlatforms) = preSolution
		Debug|Win32 = Debug|Win32
		Release|Win32 = Release|Win32
	EndGlobalSection
	GlobalSection(ProjectConfigurationPlatforms) = postSolution
		{58A21F83-00FD-4409-BAB6-1884C7E24369}.Debug|Win32.ActiveCfg = Debug|Win32
		{58A21F83-00FD-4409-BAB6-1884C7E24369}.Debug|Win32.Build.0 = Debug|Win32
		{58A21F83-00FD-4409-BAB6-1884C7E24369}.Release|Win32.ActiveCfg = Release|Win32
		{58A21F83-00FD-4409-BAB6-1884C7E24369}.Release|Win32.Build.0 = Release|Win32
	EndGlobalSection
	GlobalSection(SolutionProperties) = preSolution
		HideSolutionNode = FALSE
	EndGlobalSection
EndGlobal
