
Microsoft Visual Studio Solution File, Format Version 10.00
# Visual C++ Express 2008
Project("{8BC9CEB8-8B4A-11D0-8D11-00A0C91BC942}") = "WeekIntegers", "WeekIntegers\WeekIntegers.vcproj", "{02072931-9924-47F6-B8E8-B0692DFDFE1D}"
EndProject
Global
	GlobalSection(SolutionConfigurationPlatforms) = preSolution
		Debug|Win32 = Debug|Win32
		Release|Win32 = Release|Win32
	EndGlobalSection
	GlobalSection(ProjectConfigurationPlatforms) = postSolution
		{02072931-9924-47F6-B8E8-B0692DFDFE1D}.Debug|Win32.ActiveCfg = Debug|Win32
		{02072931-9924-47F6-B8E8-B0692DFDFE1D}.Debug|Win32.Build.0 = Debug|Win32
		{02072931-9924-47F6-B8E8-B0692DFDFE1D}.Release|Win32.ActiveCfg = Release|Win32
		{02072931-9924-47F6-B8E8-B0692DFDFE1D}.Release|Win32.Build.0 = Release|Win32
	EndGlobalSection
	GlobalSection(SolutionProperties) = preSolution
		HideSolutionNode = FALSE
	EndGlobalSection
EndGlobal
