
Microsoft Visual Studio Solution File, Format Version 10.00
# Visual C++ Express 2008
Project("{8BC9CEB8-8B4A-11D0-8D11-00A0C91BC942}") = "Sqaure", "Sqaure\Sqaure.vcproj", "{4140F683-98E4-4803-B572-A599B0E0EBB4}"
EndProject
Global
	GlobalSection(SolutionConfigurationPlatforms) = preSolution
		Debug|Win32 = Debug|Win32
		Release|Win32 = Release|Win32
	EndGlobalSection
	GlobalSection(ProjectConfigurationPlatforms) = postSolution
		{4140F683-98E4-4803-B572-A599B0E0EBB4}.Debug|Win32.ActiveCfg = Debug|Win32
		{4140F683-98E4-4803-B572-A599B0E0EBB4}.Debug|Win32.Build.0 = Debug|Win32
		{4140F683-98E4-4803-B572-A599B0E0EBB4}.Release|Win32.ActiveCfg = Release|Win32
		{4140F683-98E4-4803-B572-A599B0E0EBB4}.Release|Win32.Build.0 = Release|Win32
	EndGlobalSection
	GlobalSection(SolutionProperties) = preSolution
		HideSolutionNode = FALSE
	EndGlobalSection
EndGlobal
