
Microsoft Visual Studio Solution File, Format Version 10.00
# Visual C++ Express 2008
Project("{8BC9CEB8-8B4A-11D0-8D11-00A0C91BC942}") = "template_2_classes", "template_2_classes\template_2_classes.vcproj", "{B5369A35-12B1-47BB-A039-75A32C339983}"
EndProject
Global
	GlobalSection(SolutionConfigurationPlatforms) = preSolution
		Debug|Win32 = Debug|Win32
		Release|Win32 = Release|Win32
	EndGlobalSection
	GlobalSection(ProjectConfigurationPlatforms) = postSolution
		{B5369A35-12B1-47BB-A039-75A32C339983}.Debug|Win32.ActiveCfg = Debug|Win32
		{B5369A35-12B1-47BB-A039-75A32C339983}.Debug|Win32.Build.0 = Debug|Win32
		{B5369A35-12B1-47BB-A039-75A32C339983}.Release|Win32.ActiveCfg = Release|Win32
		{B5369A35-12B1-47BB-A039-75A32C339983}.Release|Win32.Build.0 = Release|Win32
	EndGlobalSection
	GlobalSection(SolutionProperties) = preSolution
		HideSolutionNode = FALSE
	EndGlobalSection
EndGlobal
