
Microsoft Visual Studio Solution File, Format Version 10.00
# Visual C++ Express 2008
Project("{8BC9CEB8-8B4A-11D0-8D11-00A0C91BC942}") = "ref_variable_in_class", "ref_variable_in_class\ref_variable_in_class.vcproj", "{058C4ED5-D115-4B7B-BFAE-4FCD9E0F56AB}"
EndProject
Global
	GlobalSection(SolutionConfigurationPlatforms) = preSolution
		Debug|Win32 = Debug|Win32
		Release|Win32 = Release|Win32
	EndGlobalSection
	GlobalSection(ProjectConfigurationPlatforms) = postSolution
		{058C4ED5-D115-4B7B-BFAE-4FCD9E0F56AB}.Debug|Win32.ActiveCfg = Debug|Win32
		{058C4ED5-D115-4B7B-BFAE-4FCD9E0F56AB}.Debug|Win32.Build.0 = Debug|Win32
		{058C4ED5-D115-4B7B-BFAE-4FCD9E0F56AB}.Release|Win32.ActiveCfg = Release|Win32
		{058C4ED5-D115-4B7B-BFAE-4FCD9E0F56AB}.Release|Win32.Build.0 = Release|Win32
	EndGlobalSection
	GlobalSection(SolutionProperties) = preSolution
		HideSolutionNode = FALSE
	EndGlobalSection
EndGlobal
