
Microsoft Visual Studio Solution File, Format Version 10.00
# Visual C++ Express 2008
Project("{8BC9CEB8-8B4A-11D0-8D11-00A0C91BC942}") = "rev_of_a_string", "rev_of_a_string.vcproj", "{EF086AFC-C1DE-4529-9A26-D59B5CFF2656}"
EndProject
Global
	GlobalSection(SolutionConfigurationPlatforms) = preSolution
		Debug|Win32 = Debug|Win32
		Release|Win32 = Release|Win32
	EndGlobalSection
	GlobalSection(ProjectConfigurationPlatforms) = postSolution
		{EF086AFC-C1DE-4529-9A26-D59B5CFF2656}.Debug|Win32.ActiveCfg = Debug|Win32
		{EF086AFC-C1DE-4529-9A26-D59B5CFF2656}.Debug|Win32.Build.0 = Debug|Win32
		{EF086AFC-C1DE-4529-9A26-D59B5CFF2656}.Release|Win32.ActiveCfg = Release|Win32
		{EF086AFC-C1DE-4529-9A26-D59B5CFF2656}.Release|Win32.Build.0 = Release|Win32
	EndGlobalSection
	GlobalSection(SolutionProperties) = preSolution
		HideSolutionNode = FALSE
	EndGlobalSection
EndGlobal
