
Microsoft Visual Studio Solution File, Format Version 10.00
# Visual C++ Express 2008
Project("{8BC9CEB8-8B4A-11D0-8D11-00A0C91BC942}") = "CLass A_Private", "CLass A_Private\CLass A_Private.vcproj", "{30913919-92E6-48AF-A0A5-5CAD89D1E430}"
EndProject
Global
	GlobalSection(SolutionConfigurationPlatforms) = preSolution
		Debug|Win32 = Debug|Win32
		Release|Win32 = Release|Win32
	EndGlobalSection
	GlobalSection(ProjectConfigurationPlatforms) = postSolution
		{30913919-92E6-48AF-A0A5-5CAD89D1E430}.Debug|Win32.ActiveCfg = Debug|Win32
		{30913919-92E6-48AF-A0A5-5CAD89D1E430}.Debug|Win32.Build.0 = Debug|Win32
		{30913919-92E6-48AF-A0A5-5CAD89D1E430}.Release|Win32.ActiveCfg = Release|Win32
		{30913919-92E6-48AF-A0A5-5CAD89D1E430}.Release|Win32.Build.0 = Release|Win32
	EndGlobalSection
	GlobalSection(SolutionProperties) = preSolution
		HideSolutionNode = FALSE
	EndGlobalSection
EndGlobal
