
Microsoft Visual Studio Solution File, Format Version 10.00
# Visual C++ Express 2008
Project("{8BC9CEB8-8B4A-11D0-8D11-00A0C91BC942}") = "pointers_with_structures", "pointers_with_structures\pointers_with_structures.vcproj", "{52C82C2E-C756-49EC-BB54-CCDF66C199B7}"
EndProject
Global
	GlobalSection(SolutionConfigurationPlatforms) = preSolution
		Debug|Win32 = Debug|Win32
		Release|Win32 = Release|Win32
	EndGlobalSection
	GlobalSection(ProjectConfigurationPlatforms) = postSolution
		{52C82C2E-C756-49EC-BB54-CCDF66C199B7}.Debug|Win32.ActiveCfg = Debug|Win32
		{52C82C2E-C756-49EC-BB54-CCDF66C199B7}.Debug|Win32.Build.0 = Debug|Win32
		{52C82C2E-C756-49EC-BB54-CCDF66C199B7}.Release|Win32.ActiveCfg = Release|Win32
		{52C82C2E-C756-49EC-BB54-CCDF66C199B7}.Release|Win32.Build.0 = Release|Win32
	EndGlobalSection
	GlobalSection(SolutionProperties) = preSolution
		HideSolutionNode = FALSE
	EndGlobalSection
EndGlobal
