
Microsoft Visual Studio Solution File, Format Version 10.00
# Visual C++ Express 2008
Project("{8BC9CEB8-8B4A-11D0-8D11-00A0C91BC942}") = "structure_padding_with_fuctions", "structure_padding_with_fuctions.vcproj", "{2CE092D3-285D-4AA8-87AB-FA5E64442C0B}"
EndProject
Global
	GlobalSection(SolutionConfigurationPlatforms) = preSolution
		Debug|Win32 = Debug|Win32
		Release|Win32 = Release|Win32
	EndGlobalSection
	GlobalSection(ProjectConfigurationPlatforms) = postSolution
		{2CE092D3-285D-4AA8-87AB-FA5E64442C0B}.Debug|Win32.ActiveCfg = Debug|Win32
		{2CE092D3-285D-4AA8-87AB-FA5E64442C0B}.Debug|Win32.Build.0 = Debug|Win32
		{2CE092D3-285D-4AA8-87AB-FA5E64442C0B}.Release|Win32.ActiveCfg = Release|Win32
		{2CE092D3-285D-4AA8-87AB-FA5E64442C0B}.Release|Win32.Build.0 = Release|Win32
	EndGlobalSection
	GlobalSection(SolutionProperties) = preSolution
		HideSolutionNode = FALSE
	EndGlobalSection
EndGlobal
