
Microsoft Visual Studio Solution File, Format Version 10.00
# Visual C++ Express 2008
Project("{8BC9CEB8-8B4A-11D0-8D11-00A0C91BC942}") = "pointers_with_functions", "pointers_with_functions\pointers_with_functions.vcproj", "{0812734B-46BD-4D23-AA99-93B33F398B6A}"
EndProject
Global
	GlobalSection(SolutionConfigurationPlatforms) = preSolution
		Debug|Win32 = Debug|Win32
		Release|Win32 = Release|Win32
	EndGlobalSection
	GlobalSection(ProjectConfigurationPlatforms) = postSolution
		{0812734B-46BD-4D23-AA99-93B33F398B6A}.Debug|Win32.ActiveCfg = Debug|Win32
		{0812734B-46BD-4D23-AA99-93B33F398B6A}.Debug|Win32.Build.0 = Debug|Win32
		{0812734B-46BD-4D23-AA99-93B33F398B6A}.Release|Win32.ActiveCfg = Release|Win32
		{0812734B-46BD-4D23-AA99-93B33F398B6A}.Release|Win32.Build.0 = Release|Win32
	EndGlobalSection
	GlobalSection(SolutionProperties) = preSolution
		HideSolutionNode = FALSE
	EndGlobalSection
EndGlobal
