
Microsoft Visual Studio Solution File, Format Version 10.00
# Visual C++ Express 2008
Project("{8BC9CEB8-8B4A-11D0-8D11-00A0C91BC942}") = "Pointer_to_pointer1", "Pointer_to_pointer1\Pointer_to_pointer1.vcproj", "{B65616B5-87D5-4109-8868-6A9A6016CBBA}"
EndProject
Global
	GlobalSection(SolutionConfigurationPlatforms) = preSolution
		Debug|Win32 = Debug|Win32
		Release|Win32 = Release|Win32
	EndGlobalSection
	GlobalSection(ProjectConfigurationPlatforms) = postSolution
		{B65616B5-87D5-4109-8868-6A9A6016CBBA}.Debug|Win32.ActiveCfg = Debug|Win32
		{B65616B5-87D5-4109-8868-6A9A6016CBBA}.Debug|Win32.Build.0 = Debug|Win32
		{B65616B5-87D5-4109-8868-6A9A6016CBBA}.Release|Win32.ActiveCfg = Release|Win32
		{B65616B5-87D5-4109-8868-6A9A6016CBBA}.Release|Win32.Build.0 = Release|Win32
	EndGlobalSection
	GlobalSection(SolutionProperties) = preSolution
		HideSolutionNode = FALSE
	EndGlobalSection
EndGlobal
