
Microsoft Visual Studio Solution File, Format Version 10.00
# Visual C++ Express 2008
Project("{8BC9CEB8-8B4A-11D0-8D11-00A0C91BC942}") = "practice", "practice\practice.vcproj", "{A8F2297B-37B5-4680-852E-A062AA64E43B}"
EndProject
Global
	GlobalSection(SolutionConfigurationPlatforms) = preSolution
		Debug|Win32 = Debug|Win32
		Release|Win32 = Release|Win32
	EndGlobalSection
	GlobalSection(ProjectConfigurationPlatforms) = postSolution
		{A8F2297B-37B5-4680-852E-A062AA64E43B}.Debug|Win32.ActiveCfg = Debug|Win32
		{A8F2297B-37B5-4680-852E-A062AA64E43B}.Debug|Win32.Build.0 = Debug|Win32
		{A8F2297B-37B5-4680-852E-A062AA64E43B}.Release|Win32.ActiveCfg = Release|Win32
		{A8F2297B-37B5-4680-852E-A062AA64E43B}.Release|Win32.Build.0 = Release|Win32
	EndGlobalSection
	GlobalSection(SolutionProperties) = preSolution
		HideSolutionNode = FALSE
	EndGlobalSection
EndGlobal
