
Microsoft Visual Studio Solution File, Format Version 10.00
# Visual C++ Express 2008
Project("{8BC9CEB8-8B4A-11D0-8D11-00A0C91BC942}") = "reverse the num", "reverse the num\reverse the num.vcproj", "{CF765C54-A3BE-4477-BD3D-D0DFD91C7FFB}"
EndProject
Global
	GlobalSection(SolutionConfigurationPlatforms) = preSolution
		Debug|Win32 = Debug|Win32
		Release|Win32 = Release|Win32
	EndGlobalSection
	GlobalSection(ProjectConfigurationPlatforms) = postSolution
		{CF765C54-A3BE-4477-BD3D-D0DFD91C7FFB}.Debug|Win32.ActiveCfg = Debug|Win32
		{CF765C54-A3BE-4477-BD3D-D0DFD91C7FFB}.Debug|Win32.Build.0 = Debug|Win32
		{CF765C54-A3BE-4477-BD3D-D0DFD91C7FFB}.Release|Win32.ActiveCfg = Release|Win32
		{CF765C54-A3BE-4477-BD3D-D0DFD91C7FFB}.Release|Win32.Build.0 = Release|Win32
	EndGlobalSection
	GlobalSection(SolutionProperties) = preSolution
		HideSolutionNode = FALSE
	EndGlobalSection
EndGlobal
