
Microsoft Visual Studio Solution File, Format Version 10.00
# Visual C++ Express 2008
Project("{8BC9CEB8-8B4A-11D0-8D11-00A0C91BC942}") = "prime_recursive", "prime_recursive\prime_recursive.vcproj", "{2BF48C3D-38F4-4572-B443-953EA8032520}"
EndProject
Global
	GlobalSection(SolutionConfigurationPlatforms) = preSolution
		Debug|Win32 = Debug|Win32
		Release|Win32 = Release|Win32
	EndGlobalSection
	GlobalSection(ProjectConfigurationPlatforms) = postSolution
		{2BF48C3D-38F4-4572-B443-953EA8032520}.Debug|Win32.ActiveCfg = Debug|Win32
		{2BF48C3D-38F4-4572-B443-953EA8032520}.Debug|Win32.Build.0 = Debug|Win32
		{2BF48C3D-38F4-4572-B443-953EA8032520}.Release|Win32.ActiveCfg = Release|Win32
		{2BF48C3D-38F4-4572-B443-953EA8032520}.Release|Win32.Build.0 = Release|Win32
	EndGlobalSection
	GlobalSection(SolutionProperties) = preSolution
		HideSolutionNode = FALSE
	EndGlobalSection
EndGlobal
