
Microsoft Visual Studio Solution File, Format Version 10.00
# Visual C++ Express 2008
Project("{8BC9CEB8-8B4A-11D0-8D11-00A0C91BC942}") = "string_fun", "string_fun\string_fun.vcproj", "{7FC10D11-0993-4715-8A24-E3755FFC8335}"
EndProject
Global
	GlobalSection(SolutionConfigurationPlatforms) = preSolution
		Debug|Win32 = Debug|Win32
		Release|Win32 = Release|Win32
	EndGlobalSection
	GlobalSection(ProjectConfigurationPlatforms) = postSolution
		{7FC10D11-0993-4715-8A24-E3755FFC8335}.Debug|Win32.ActiveCfg = Debug|Win32
		{7FC10D11-0993-4715-8A24-E3755FFC8335}.Debug|Win32.Build.0 = Debug|Win32
		{7FC10D11-0993-4715-8A24-E3755FFC8335}.Release|Win32.ActiveCfg = Release|Win32
		{7FC10D11-0993-4715-8A24-E3755FFC8335}.Release|Win32.Build.0 = Release|Win32
	EndGlobalSection
	GlobalSection(SolutionProperties) = preSolution
		HideSolutionNode = FALSE
	EndGlobalSection
EndGlobal
