
Microsoft Visual Studio Solution File, Format Version 10.00
# Visual C++ Express 2008
Project("{8BC9CEB8-8B4A-11D0-8D11-00A0C91BC942}") = "binary_to_octal_vice_versa", "binary_to_octal_vice_versa\binary_to_octal_vice_versa.vcproj", "{AEF1089D-0B13-4B4D-91FC-F362AB8400F9}"
EndProject
Global
	GlobalSection(SolutionConfigurationPlatforms) = preSolution
		Debug|Win32 = Debug|Win32
		Release|Win32 = Release|Win32
	EndGlobalSection
	GlobalSection(ProjectConfigurationPlatforms) = postSolution
		{AEF1089D-0B13-4B4D-91FC-F362AB8400F9}.Debug|Win32.ActiveCfg = Debug|Win32
		{AEF1089D-0B13-4B4D-91FC-F362AB8400F9}.Debug|Win32.Build.0 = Debug|Win32
		{AEF1089D-0B13-4B4D-91FC-F362AB8400F9}.Release|Win32.ActiveCfg = Release|Win32
		{AEF1089D-0B13-4B4D-91FC-F362AB8400F9}.Release|Win32.Build.0 = Release|Win32
	EndGlobalSection
	GlobalSection(SolutionProperties) = preSolution
		HideSolutionNode = FALSE
	EndGlobalSection
EndGlobal
