
Microsoft Visual Studio Solution File, Format Version 10.00
# Visual C++ Express 2008
Project("{8BC9CEB8-8B4A-11D0-8D11-00A0C91BC942}") = "structure emp program", "structure emp program\structure emp program.vcproj", "{EBAD916B-3C48-4B17-91FB-E4B3637C59E8}"
EndProject
Global
	GlobalSection(SolutionConfigurationPlatforms) = preSolution
		Debug|Win32 = Debug|Win32
		Release|Win32 = Release|Win32
	EndGlobalSection
	GlobalSection(ProjectConfigurationPlatforms) = postSolution
		{EBAD916B-3C48-4B17-91FB-E4B3637C59E8}.Debug|Win32.ActiveCfg = Debug|Win32
		{EBAD916B-3C48-4B17-91FB-E4B3637C59E8}.Debug|Win32.Build.0 = Debug|Win32
		{EBAD916B-3C48-4B17-91FB-E4B3637C59E8}.Release|Win32.ActiveCfg = Release|Win32
		{EBAD916B-3C48-4B17-91FB-E4B3637C59E8}.Release|Win32.Build.0 = Release|Win32
	EndGlobalSection
	GlobalSection(SolutionProperties) = preSolution
		HideSolutionNode = FALSE
	EndGlobalSection
EndGlobal
