
Microsoft Visual Studio Solution File, Format Version 10.00
# Visual C++ Express 2008
Project("{8BC9CEB8-8B4A-11D0-8D11-00A0C91BC942}") = "namespace_redefinition", "namespace_redefinition\namespace_redefinition.vcproj", "{8361BD8F-F6F6-4B09-9D18-D9C164D4E15E}"
EndProject
Global
	GlobalSection(SolutionConfigurationPlatforms) = preSolution
		Debug|Win32 = Debug|Win32
		Release|Win32 = Release|Win32
	EndGlobalSection
	GlobalSection(ProjectConfigurationPlatforms) = postSolution
		{8361BD8F-F6F6-4B09-9D18-D9C164D4E15E}.Debug|Win32.ActiveCfg = Debug|Win32
		{8361BD8F-F6F6-4B09-9D18-D9C164D4E15E}.Debug|Win32.Build.0 = Debug|Win32
		{8361BD8F-F6F6-4B09-9D18-D9C164D4E15E}.Release|Win32.ActiveCfg = Release|Win32
		{8361BD8F-F6F6-4B09-9D18-D9C164D4E15E}.Release|Win32.Build.0 = Release|Win32
	EndGlobalSection
	GlobalSection(SolutionProperties) = preSolution
		HideSolutionNode = FALSE
	EndGlobalSection
EndGlobal
