
Microsoft Visual Studio Solution File, Format Version 10.00
# Visual C++ Express 2008
Project("{8BC9CEB8-8B4A-11D0-8D11-00A0C91BC942}") = "Pointer_to_pointer", "Pointer_to_pointer\Pointer_to_pointer.vcproj", "{052B3908-71F4-4C70-87CA-89A56D79AC62}"
EndProject
Global
	GlobalSection(SolutionConfigurationPlatforms) = preSolution
		Debug|Win32 = Debug|Win32
		Release|Win32 = Release|Win32
	EndGlobalSection
	GlobalSection(ProjectConfigurationPlatforms) = postSolution
		{052B3908-71F4-4C70-87CA-89A56D79AC62}.Debug|Win32.ActiveCfg = Debug|Win32
		{052B3908-71F4-4C70-87CA-89A56D79AC62}.Debug|Win32.Build.0 = Debug|Win32
		{052B3908-71F4-4C70-87CA-89A56D79AC62}.Release|Win32.ActiveCfg = Release|Win32
		{052B3908-71F4-4C70-87CA-89A56D79AC62}.Release|Win32.Build.0 = Release|Win32
	EndGlobalSection
	GlobalSection(SolutionProperties) = preSolution
		HideSolutionNode = FALSE
	EndGlobalSection
EndGlobal
