
Microsoft Visual Studio Solution File, Format Version 10.00
# Visual C++ Express 2008
Project("{8BC9CEB8-8B4A-11D0-8D11-00A0C91BC942}") = "template", "template\template.vcproj", "{FEBA71AA-7BDA-45E0-8899-50247CF303E9}"
EndProject
Global
	GlobalSection(SolutionConfigurationPlatforms) = preSolution
		Debug|Win32 = Debug|Win32
		Release|Win32 = Release|Win32
	EndGlobalSection
	GlobalSection(ProjectConfigurationPlatforms) = postSolution
		{FEBA71AA-7BDA-45E0-8899-50247CF303E9}.Debug|Win32.ActiveCfg = Debug|Win32
		{FEBA71AA-7BDA-45E0-8899-50247CF303E9}.Debug|Win32.Build.0 = Debug|Win32
		{FEBA71AA-7BDA-45E0-8899-50247CF303E9}.Release|Win32.ActiveCfg = Release|Win32
		{FEBA71AA-7BDA-45E0-8899-50247CF303E9}.Release|Win32.Build.0 = Release|Win32
	EndGlobalSection
	GlobalSection(SolutionProperties) = preSolution
		HideSolutionNode = FALSE
	EndGlobalSection
EndGlobal
