
Microsoft Visual Studio Solution File, Format Version 10.00
# Visual C++ Express 2008
Project("{8BC9CEB8-8B4A-11D0-8D11-00A0C91BC942}") = "smart pointers", "smart pointers\smart pointers.vcproj", "{474C4FF0-2349-48F4-B101-52AAE9914DF4}"
EndProject
Global
	GlobalSection(SolutionConfigurationPlatforms) = preSolution
		Debug|Win32 = Debug|Win32
		Release|Win32 = Release|Win32
	EndGlobalSection
	GlobalSection(ProjectConfigurationPlatforms) = postSolution
		{474C4FF0-2349-48F4-B101-52AAE9914DF4}.Debug|Win32.ActiveCfg = Debug|Win32
		{474C4FF0-2349-48F4-B101-52AAE9914DF4}.Debug|Win32.Build.0 = Debug|Win32
		{474C4FF0-2349-48F4-B101-52AAE9914DF4}.Release|Win32.ActiveCfg = Release|Win32
		{474C4FF0-2349-48F4-B101-52AAE9914DF4}.Release|Win32.Build.0 = Release|Win32
	EndGlobalSection
	GlobalSection(SolutionProperties) = preSolution
		HideSolutionNode = FALSE
	EndGlobalSection
EndGlobal
