
Microsoft Visual Studio Solution File, Format Version 10.00
# Visual C++ Express 2008
Project("{8BC9CEB8-8B4A-11D0-8D11-00A0C91BC942}") = "virtual_diamond_inhert", "virtual_diamond_inhert\virtual_diamond_inhert.vcproj", "{CB5032E6-4B34-460A-9A24-0DF8B5C9D0C2}"
EndProject
Global
	GlobalSection(SolutionConfigurationPlatforms) = preSolution
		Debug|Win32 = Debug|Win32
		Release|Win32 = Release|Win32
	EndGlobalSection
	GlobalSection(ProjectConfigurationPlatforms) = postSolution
		{CB5032E6-4B34-460A-9A24-0DF8B5C9D0C2}.Debug|Win32.ActiveCfg = Debug|Win32
		{CB5032E6-4B34-460A-9A24-0DF8B5C9D0C2}.Debug|Win32.Build.0 = Debug|Win32
		{CB5032E6-4B34-460A-9A24-0DF8B5C9D0C2}.Release|Win32.ActiveCfg = Release|Win32
		{CB5032E6-4B34-460A-9A24-0DF8B5C9D0C2}.Release|Win32.Build.0 = Release|Win32
	EndGlobalSection
	GlobalSection(SolutionProperties) = preSolution
		HideSolutionNode = FALSE
	EndGlobalSection
EndGlobal
