
Microsoft Visual Studio Solution File, Format Version 10.00
# Visual C++ Express 2008
Project("{8BC9CEB8-8B4A-11D0-8D11-00A0C91BC942}") = "nested hotel", "nested hotel\nested hotel.vcproj", "{DF0ABC62-656C-4E84-9219-687EB552060B}"
EndProject
Global
	GlobalSection(SolutionConfigurationPlatforms) = preSolution
		Debug|Win32 = Debug|Win32
		Release|Win32 = Release|Win32
	EndGlobalSection
	GlobalSection(ProjectConfigurationPlatforms) = postSolution
		{DF0ABC62-656C-4E84-9219-687EB552060B}.Debug|Win32.ActiveCfg = Debug|Win32
		{DF0ABC62-656C-4E84-9219-687EB552060B}.Debug|Win32.Build.0 = Debug|Win32
		{DF0ABC62-656C-4E84-9219-687EB552060B}.Release|Win32.ActiveCfg = Release|Win32
		{DF0ABC62-656C-4E84-9219-687EB552060B}.Release|Win32.Build.0 = Release|Win32
	EndGlobalSection
	GlobalSection(SolutionProperties) = preSolution
		HideSolutionNode = FALSE
	EndGlobalSection
EndGlobal
