
Microsoft Visual Studio Solution File, Format Version 10.00
# Visual C++ Express 2008
Project("{8BC9CEB8-8B4A-11D0-8D11-00A0C91BC942}") = "string_copy", "string_copy\string_copy.vcproj", "{135BF93F-FDB1-4099-A28C-F4CBDF16D95B}"
EndProject
Global
	GlobalSection(SolutionConfigurationPlatforms) = preSolution
		Debug|Win32 = Debug|Win32
		Release|Win32 = Release|Win32
	EndGlobalSection
	GlobalSection(ProjectConfigurationPlatforms) = postSolution
		{135BF93F-FDB1-4099-A28C-F4CBDF16D95B}.Debug|Win32.ActiveCfg = Debug|Win32
		{135BF93F-FDB1-4099-A28C-F4CBDF16D95B}.Debug|Win32.Build.0 = Debug|Win32
		{135BF93F-FDB1-4099-A28C-F4CBDF16D95B}.Release|Win32.ActiveCfg = Release|Win32
		{135BF93F-FDB1-4099-A28C-F4CBDF16D95B}.Release|Win32.Build.0 = Release|Win32
	EndGlobalSection
	GlobalSection(SolutionProperties) = preSolution
		HideSolutionNode = FALSE
	EndGlobalSection
EndGlobal
