
Microsoft Visual Studio Solution File, Format Version 10.00
# Visual C++ Express 2008
Project("{8BC9CEB8-8B4A-11D0-8D11-00A0C91BC942}") = "pointer_samplepro", "pointer_samplepro\pointer_samplepro.vcproj", "{6D1566ED-2BC8-4DF5-9543-C3E6644B6082}"
EndProject
Global
	GlobalSection(SolutionConfigurationPlatforms) = preSolution
		Debug|Win32 = Debug|Win32
		Release|Win32 = Release|Win32
	EndGlobalSection
	GlobalSection(ProjectConfigurationPlatforms) = postSolution
		{6D1566ED-2BC8-4DF5-9543-C3E6644B6082}.Debug|Win32.ActiveCfg = Debug|Win32
		{6D1566ED-2BC8-4DF5-9543-C3E6644B6082}.Debug|Win32.Build.0 = Debug|Win32
		{6D1566ED-2BC8-4DF5-9543-C3E6644B6082}.Release|Win32.ActiveCfg = Release|Win32
		{6D1566ED-2BC8-4DF5-9543-C3E6644B6082}.Release|Win32.Build.0 = Release|Win32
	EndGlobalSection
	GlobalSection(SolutionProperties) = preSolution
		HideSolutionNode = FALSE
	EndGlobalSection
EndGlobal
