
Microsoft Visual Studio Solution File, Format Version 10.00
# Visual C++ Express 2008
Project("{8BC9CEB8-8B4A-11D0-8D11-00A0C91BC942}") = "string_cat_user", "string_cat_user\string_cat_user.vcproj", "{1E0E5B9E-28F8-49BB-BC88-DECA03885425}"
EndProject
Global
	GlobalSection(SolutionConfigurationPlatforms) = preSolution
		Debug|Win32 = Debug|Win32
		Release|Win32 = Release|Win32
	EndGlobalSection
	GlobalSection(ProjectConfigurationPlatforms) = postSolution
		{1E0E5B9E-28F8-49BB-BC88-DECA03885425}.Debug|Win32.ActiveCfg = Debug|Win32
		{1E0E5B9E-28F8-49BB-BC88-DECA03885425}.Debug|Win32.Build.0 = Debug|Win32
		{1E0E5B9E-28F8-49BB-BC88-DECA03885425}.Release|Win32.ActiveCfg = Release|Win32
		{1E0E5B9E-28F8-49BB-BC88-DECA03885425}.Release|Win32.Build.0 = Release|Win32
	EndGlobalSection
	GlobalSection(SolutionProperties) = preSolution
		HideSolutionNode = FALSE
	EndGlobalSection
EndGlobal
