
Microsoft Visual Studio Solution File, Format Version 10.00
# Visual C++ Express 2008
Project("{8BC9CEB8-8B4A-11D0-8D11-00A0C91BC942}") = "Sum of GIven digits", "Sum of GIven digits\Sum of GIven digits.vcproj", "{AD980DEC-A50E-4263-A4D6-414DA5E22B4A}"
EndProject
Global
	GlobalSection(SolutionConfigurationPlatforms) = preSolution
		Debug|Win32 = Debug|Win32
		Release|Win32 = Release|Win32
	EndGlobalSection
	GlobalSection(ProjectConfigurationPlatforms) = postSolution
		{AD980DEC-A50E-4263-A4D6-414DA5E22B4A}.Debug|Win32.ActiveCfg = Debug|Win32
		{AD980DEC-A50E-4263-A4D6-414DA5E22B4A}.Debug|Win32.Build.0 = Debug|Win32
		{AD980DEC-A50E-4263-A4D6-414DA5E22B4A}.Release|Win32.ActiveCfg = Release|Win32
		{AD980DEC-A50E-4263-A4D6-414DA5E22B4A}.Release|Win32.Build.0 = Release|Win32
	EndGlobalSection
	GlobalSection(SolutionProperties) = preSolution
		HideSolutionNode = FALSE
	EndGlobalSection
EndGlobal
