
Microsoft Visual Studio Solution File, Format Version 10.00
# Visual C++ Express 2008
Project("{8BC9CEB8-8B4A-11D0-8D11-00A0C91BC942}") = "Dynamic_memory", "Dynamic_memory\Dynamic_memory.vcproj", "{A4E079EF-4B57-4071-9FA8-99AF33D33BAB}"
EndProject
Global
	GlobalSection(SolutionConfigurationPlatforms) = preSolution
		Debug|Win32 = Debug|Win32
		Release|Win32 = Release|Win32
	EndGlobalSection
	GlobalSection(ProjectConfigurationPlatforms) = postSolution
		{A4E079EF-4B57-4071-9FA8-99AF33D33BAB}.Debug|Win32.ActiveCfg = Debug|Win32
		{A4E079EF-4B57-4071-9FA8-99AF33D33BAB}.Debug|Win32.Build.0 = Debug|Win32
		{A4E079EF-4B57-4071-9FA8-99AF33D33BAB}.Release|Win32.ActiveCfg = Release|Win32
		{A4E079EF-4B57-4071-9FA8-99AF33D33BAB}.Release|Win32.Build.0 = Release|Win32
	EndGlobalSection
	GlobalSection(SolutionProperties) = preSolution
		HideSolutionNode = FALSE
	EndGlobalSection
EndGlobal
