
Microsoft Visual Studio Solution File, Format Version 10.00
# Visual C++ Express 2008
Project("{8BC9CEB8-8B4A-11D0-8D11-00A0C91BC942}") = "sam_struct", "sam_struct\sam_struct.vcproj", "{64C0DCE9-3CE0-457E-A7B8-89A047073692}"
EndProject
Global
	GlobalSection(SolutionConfigurationPlatforms) = preSolution
		Debug|Win32 = Debug|Win32
		Release|Win32 = Release|Win32
	EndGlobalSection
	GlobalSection(ProjectConfigurationPlatforms) = postSolution
		{64C0DCE9-3CE0-457E-A7B8-89A047073692}.Debug|Win32.ActiveCfg = Debug|Win32
		{64C0DCE9-3CE0-457E-A7B8-89A047073692}.Debug|Win32.Build.0 = Debug|Win32
		{64C0DCE9-3CE0-457E-A7B8-89A047073692}.Release|Win32.ActiveCfg = Release|Win32
		{64C0DCE9-3CE0-457E-A7B8-89A047073692}.Release|Win32.Build.0 = Release|Win32
	EndGlobalSection
	GlobalSection(SolutionProperties) = preSolution
		HideSolutionNode = FALSE
	EndGlobalSection
EndGlobal
