
Microsoft Visual Studio Solution File, Format Version 10.00
# Visual C++ Express 2008
Project("{8BC9CEB8-8B4A-11D0-8D11-00A0C91BC942}") = "prime_check", "prime_check\prime_check.vcproj", "{B49458A0-F406-43C2-8EC4-EFBC482F176E}"
EndProject
Global
	GlobalSection(SolutionConfigurationPlatforms) = preSolution
		Debug|Win32 = Debug|Win32
		Release|Win32 = Release|Win32
	EndGlobalSection
	GlobalSection(ProjectConfigurationPlatforms) = postSolution
		{B49458A0-F406-43C2-8EC4-EFBC482F176E}.Debug|Win32.ActiveCfg = Debug|Win32
		{B49458A0-F406-43C2-8EC4-EFBC482F176E}.Debug|Win32.Build.0 = Debug|Win32
		{B49458A0-F406-43C2-8EC4-EFBC482F176E}.Release|Win32.ActiveCfg = Release|Win32
		{B49458A0-F406-43C2-8EC4-EFBC482F176E}.Release|Win32.Build.0 = Release|Win32
	EndGlobalSection
	GlobalSection(SolutionProperties) = preSolution
		HideSolutionNode = FALSE
	EndGlobalSection
EndGlobal
