
Microsoft Visual Studio Solution File, Format Version 10.00
# Visual C++ Express 2008
Project("{8BC9CEB8-8B4A-11D0-8D11-00A0C91BC942}") = "array_practice", "array_practice\array_practice.vcproj", "{9469C9F2-A055-4439-8B5B-EF2D2B965850}"
EndProject
Global
	GlobalSection(SolutionConfigurationPlatforms) = preSolution
		Debug|Win32 = Debug|Win32
		Release|Win32 = Release|Win32
	EndGlobalSection
	GlobalSection(ProjectConfigurationPlatforms) = postSolution
		{9469C9F2-A055-4439-8B5B-EF2D2B965850}.Debug|Win32.ActiveCfg = Debug|Win32
		{9469C9F2-A055-4439-8B5B-EF2D2B965850}.Debug|Win32.Build.0 = Debug|Win32
		{9469C9F2-A055-4439-8B5B-EF2D2B965850}.Release|Win32.ActiveCfg = Release|Win32
		{9469C9F2-A055-4439-8B5B-EF2D2B965850}.Release|Win32.Build.0 = Release|Win32
	EndGlobalSection
	GlobalSection(SolutionProperties) = preSolution
		HideSolutionNode = FALSE
	EndGlobalSection
EndGlobal
