
Microsoft Visual Studio Solution File, Format Version 10.00
# Visual C++ Express 2008
Project("{8BC9CEB8-8B4A-11D0-8D11-00A0C91BC942}") = "check_1", "check_1\check_1.vcproj", "{1FFCB07B-4197-469E-AEB1-CFC7E9004B48}"
EndProject
Global
	GlobalSection(SolutionConfigurationPlatforms) = preSolution
		Debug|Win32 = Debug|Win32
		Release|Win32 = Release|Win32
	EndGlobalSection
	GlobalSection(ProjectConfigurationPlatforms) = postSolution
		{1FFCB07B-4197-469E-AEB1-CFC7E9004B48}.Debug|Win32.ActiveCfg = Debug|Win32
		{1FFCB07B-4197-469E-AEB1-CFC7E9004B48}.Debug|Win32.Build.0 = Debug|Win32
		{1FFCB07B-4197-469E-AEB1-CFC7E9004B48}.Release|Win32.ActiveCfg = Release|Win32
		{1FFCB07B-4197-469E-AEB1-CFC7E9004B48}.Release|Win32.Build.0 = Release|Win32
	EndGlobalSection
	GlobalSection(SolutionProperties) = preSolution
		HideSolutionNode = FALSE
	EndGlobalSection
EndGlobal
