
Microsoft Visual Studio Solution File, Format Version 10.00
# Visual C++ Express 2008
Project("{8BC9CEB8-8B4A-11D0-8D11-00A0C91BC942}") = "Pointers_class_inheritance", "Pointers_class_inheritance\Pointers_class_inheritance.vcproj", "{5FB37D9C-02E0-423D-ACE3-2BD64FA3B174}"
EndProject
Global
	GlobalSection(SolutionConfigurationPlatforms) = preSolution
		Debug|Win32 = Debug|Win32
		Release|Win32 = Release|Win32
	EndGlobalSection
	GlobalSection(ProjectConfigurationPlatforms) = postSolution
		{5FB37D9C-02E0-423D-ACE3-2BD64FA3B174}.Debug|Win32.ActiveCfg = Debug|Win32
		{5FB37D9C-02E0-423D-ACE3-2BD64FA3B174}.Debug|Win32.Build.0 = Debug|Win32
		{5FB37D9C-02E0-423D-ACE3-2BD64FA3B174}.Release|Win32.ActiveCfg = Release|Win32
		{5FB37D9C-02E0-423D-ACE3-2BD64FA3B174}.Release|Win32.Build.0 = Release|Win32
	EndGlobalSection
	GlobalSection(SolutionProperties) = preSolution
		HideSolutionNode = FALSE
	EndGlobalSection
EndGlobal
