
Microsoft Visual Studio Solution File, Format Version 10.00
# Visual C++ Express 2008
Project("{8BC9CEB8-8B4A-11D0-8D11-00A0C91BC942}") = "lcm and hcf", "lcm and hcf\lcm and hcf.vcproj", "{56441997-C0E7-4FA2-904F-2BB90E784CB9}"
EndProject
Global
	GlobalSection(SolutionConfigurationPlatforms) = preSolution
		Debug|Win32 = Debug|Win32
		Release|Win32 = Release|Win32
	EndGlobalSection
	GlobalSection(ProjectConfigurationPlatforms) = postSolution
		{56441997-C0E7-4FA2-904F-2BB90E784CB9}.Debug|Win32.ActiveCfg = Debug|Win32
		{56441997-C0E7-4FA2-904F-2BB90E784CB9}.Debug|Win32.Build.0 = Debug|Win32
		{56441997-C0E7-4FA2-904F-2BB90E784CB9}.Release|Win32.ActiveCfg = Release|Win32
		{56441997-C0E7-4FA2-904F-2BB90E784CB9}.Release|Win32.Build.0 = Release|Win32
	EndGlobalSection
	GlobalSection(SolutionProperties) = preSolution
		HideSolutionNode = FALSE
	EndGlobalSection
EndGlobal
