
Microsoft Visual Studio Solution File, Format Version 10.00
# Visual C++ Express 2008
Project("{8BC9CEB8-8B4A-11D0-8D11-00A0C91BC942}") = "adding_element_existing_array", "adding_element_existing_array.vcproj", "{C76BA417-D55D-4822-A655-06B71FF0FE33}"
EndProject
Global
	GlobalSection(SolutionConfigurationPlatforms) = preSolution
		Debug|Win32 = Debug|Win32
		Release|Win32 = Release|Win32
	EndGlobalSection
	GlobalSection(ProjectConfigurationPlatforms) = postSolution
		{C76BA417-D55D-4822-A655-06B71FF0FE33}.Debug|Win32.ActiveCfg = Debug|Win32
		{C76BA417-D55D-4822-A655-06B71FF0FE33}.Debug|Win32.Build.0 = Debug|Win32
		{C76BA417-D55D-4822-A655-06B71FF0FE33}.Release|Win32.ActiveCfg = Release|Win32
		{C76BA417-D55D-4822-A655-06B71FF0FE33}.Release|Win32.Build.0 = Release|Win32
	EndGlobalSection
	GlobalSection(SolutionProperties) = preSolution
		HideSolutionNode = FALSE
	EndGlobalSection
EndGlobal
