
Microsoft Visual Studio Solution File, Format Version 10.00
# Visual C++ Express 2008
Project("{8BC9CEB8-8B4A-11D0-8D11-00A0C91BC942}") = "virtual_pointer_cpp", "virtual_pointer_cpp\virtual_pointer_cpp.vcproj", "{1445DB10-5653-458B-AEE3-4128133A541E}"
EndProject
Global
	GlobalSection(SolutionConfigurationPlatforms) = preSolution
		Debug|Win32 = Debug|Win32
		Release|Win32 = Release|Win32
	EndGlobalSection
	GlobalSection(ProjectConfigurationPlatforms) = postSolution
		{1445DB10-5653-458B-AEE3-4128133A541E}.Debug|Win32.ActiveCfg = Debug|Win32
		{1445DB10-5653-458B-AEE3-4128133A541E}.Debug|Win32.Build.0 = Debug|Win32
		{1445DB10-5653-458B-AEE3-4128133A541E}.Release|Win32.ActiveCfg = Release|Win32
		{1445DB10-5653-458B-AEE3-4128133A541E}.Release|Win32.Build.0 = Release|Win32
	EndGlobalSection
	GlobalSection(SolutionProperties) = preSolution
		HideSolutionNode = FALSE
	EndGlobalSection
EndGlobal
