
Microsoft Visual Studio Solution File, Format Version 10.00
# Visual C++ Express 2008
Project("{8BC9CEB8-8B4A-11D0-8D11-00A0C91BC942}") = "template.cpp", "template.cpp\template.cpp.vcproj", "{60EFA98B-D983-404B-99ED-281E5625314D}"
EndProject
Global
	GlobalSection(SolutionConfigurationPlatforms) = preSolution
		Debug|Win32 = Debug|Win32
		Release|Win32 = Release|Win32
	EndGlobalSection
	GlobalSection(ProjectConfigurationPlatforms) = postSolution
		{60EFA98B-D983-404B-99ED-281E5625314D}.Debug|Win32.ActiveCfg = Debug|Win32
		{60EFA98B-D983-404B-99ED-281E5625314D}.Debug|Win32.Build.0 = Debug|Win32
		{60EFA98B-D983-404B-99ED-281E5625314D}.Release|Win32.ActiveCfg = Release|Win32
		{60EFA98B-D983-404B-99ED-281E5625314D}.Release|Win32.Build.0 = Release|Win32
	EndGlobalSection
	GlobalSection(SolutionProperties) = preSolution
		HideSolutionNode = FALSE
	EndGlobalSection
EndGlobal
