
Microsoft Visual Studio Solution File, Format Version 10.00
# Visual C++ Express 2008
Project("{8BC9CEB8-8B4A-11D0-8D11-00A0C91BC942}") = "charW", "charW\charW.vcproj", "{5D9C5639-40ED-476A-9222-CD7CBA8B49BE}"
EndProject
Global
	GlobalSection(SolutionConfigurationPlatforms) = preSolution
		Debug|Win32 = Debug|Win32
		Release|Win32 = Release|Win32
	EndGlobalSection
	GlobalSection(ProjectConfigurationPlatforms) = postSolution
		{5D9C5639-40ED-476A-9222-CD7CBA8B49BE}.Debug|Win32.ActiveCfg = Debug|Win32
		{5D9C5639-40ED-476A-9222-CD7CBA8B49BE}.Debug|Win32.Build.0 = Debug|Win32
		{5D9C5639-40ED-476A-9222-CD7CBA8B49BE}.Release|Win32.ActiveCfg = Release|Win32
		{5D9C5639-40ED-476A-9222-CD7CBA8B49BE}.Release|Win32.Build.0 = Release|Win32
	EndGlobalSection
	GlobalSection(SolutionProperties) = preSolution
		HideSolutionNode = FALSE
	EndGlobalSection
EndGlobal
