
Microsoft Visual Studio Solution File, Format Version 10.00
# Visual C++ Express 2008
Project("{8BC9CEB8-8B4A-11D0-8D11-00A0C91BC942}") = "const_pointers_with_strings", "const_pointers_with_strings\const_pointers_with_strings.vcproj", "{FF858040-9C53-490B-8D79-4EF95DFDEFB0}"
EndProject
Global
	GlobalSection(SolutionConfigurationPlatforms) = preSolution
		Debug|Win32 = Debug|Win32
		Release|Win32 = Release|Win32
	EndGlobalSection
	GlobalSection(ProjectConfigurationPlatforms) = postSolution
		{FF858040-9C53-490B-8D79-4EF95DFDEFB0}.Debug|Win32.ActiveCfg = Debug|Win32
		{FF858040-9C53-490B-8D79-4EF95DFDEFB0}.Debug|Win32.Build.0 = Debug|Win32
		{FF858040-9C53-490B-8D79-4EF95DFDEFB0}.Release|Win32.ActiveCfg = Release|Win32
		{FF858040-9C53-490B-8D79-4EF95DFDEFB0}.Release|Win32.Build.0 = Release|Win32
	EndGlobalSection
	GlobalSection(SolutionProperties) = preSolution
		HideSolutionNode = FALSE
	EndGlobalSection
EndGlobal
