
Microsoft Visual Studio Solution File, Format Version 10.00
# Visual C++ Express 2008
Project("{8BC9CEB8-8B4A-11D0-8D11-00A0C91BC942}") = "virtual_function", "virtual_function\virtual_function.vcproj", "{95CE604D-F2F6-4949-B81E-2B2E587A57C1}"
EndProject
Global
	GlobalSection(SolutionConfigurationPlatforms) = preSolution
		Debug|Win32 = Debug|Win32
		Release|Win32 = Release|Win32
	EndGlobalSection
	GlobalSection(ProjectConfigurationPlatforms) = postSolution
		{95CE604D-F2F6-4949-B81E-2B2E587A57C1}.Debug|Win32.ActiveCfg = Debug|Win32
		{95CE604D-F2F6-4949-B81E-2B2E587A57C1}.Debug|Win32.Build.0 = Debug|Win32
		{95CE604D-F2F6-4949-B81E-2B2E587A57C1}.Release|Win32.ActiveCfg = Release|Win32
		{95CE604D-F2F6-4949-B81E-2B2E587A57C1}.Release|Win32.Build.0 = Release|Win32
	EndGlobalSection
	GlobalSection(SolutionProperties) = preSolution
		HideSolutionNode = FALSE
	EndGlobalSection
EndGlobal
