
Microsoft Visual Studio Solution File, Format Version 10.00
# Visual C++ Express 2008
Project("{8BC9CEB8-8B4A-11D0-8D11-00A0C91BC942}") = "public_private_protected", "public_private_protected\public_private_protected.vcproj", "{58669E7A-624A-4B0B-8182-F0B1B7F99FB1}"
EndProject
Global
	GlobalSection(SolutionConfigurationPlatforms) = preSolution
		Debug|Win32 = Debug|Win32
		Release|Win32 = Release|Win32
	EndGlobalSection
	GlobalSection(ProjectConfigurationPlatforms) = postSolution
		{58669E7A-624A-4B0B-8182-F0B1B7F99FB1}.Debug|Win32.ActiveCfg = Debug|Win32
		{58669E7A-624A-4B0B-8182-F0B1B7F99FB1}.Debug|Win32.Build.0 = Debug|Win32
		{58669E7A-624A-4B0B-8182-F0B1B7F99FB1}.Release|Win32.ActiveCfg = Release|Win32
		{58669E7A-624A-4B0B-8182-F0B1B7F99FB1}.Release|Win32.Build.0 = Release|Win32
	EndGlobalSection
	GlobalSection(SolutionProperties) = preSolution
		HideSolutionNode = FALSE
	EndGlobalSection
EndGlobal
