
Microsoft Visual Studio Solution File, Format Version 10.00
# Visual C++ Express 2008
Project("{8BC9CEB8-8B4A-11D0-8D11-00A0C91BC942}") = "logicalOR", "logicalOR\logicalOR.vcproj", "{938D5D9F-81DD-4FB4-B9BF-99D739C9526A}"
EndProject
Global
	GlobalSection(SolutionConfigurationPlatforms) = preSolution
		Debug|Win32 = Debug|Win32
		Release|Win32 = Release|Win32
	EndGlobalSection
	GlobalSection(ProjectConfigurationPlatforms) = postSolution
		{938D5D9F-81DD-4FB4-B9BF-99D739C9526A}.Debug|Win32.ActiveCfg = Debug|Win32
		{938D5D9F-81DD-4FB4-B9BF-99D739C9526A}.Debug|Win32.Build.0 = Debug|Win32
		{938D5D9F-81DD-4FB4-B9BF-99D739C9526A}.Release|Win32.ActiveCfg = Release|Win32
		{938D5D9F-81DD-4FB4-B9BF-99D739C9526A}.Release|Win32.Build.0 = Release|Win32
	EndGlobalSection
	GlobalSection(SolutionProperties) = preSolution
		HideSolutionNode = FALSE
	EndGlobalSection
EndGlobal
