
Microsoft Visual Studio Solution File, Format Version 10.00
# Visual C++ Express 2008
Project("{8BC9CEB8-8B4A-11D0-8D11-00A0C91BC942}") = "string_1908", "string_1908\string_1908.vcproj", "{565E2F1E-E39D-4B19-9ED8-ABE3EBDDCEA6}"
EndProject
Global
	GlobalSection(SolutionConfigurationPlatforms) = preSolution
		Debug|Win32 = Debug|Win32
		Release|Win32 = Release|Win32
	EndGlobalSection
	GlobalSection(ProjectConfigurationPlatforms) = postSolution
		{565E2F1E-E39D-4B19-9ED8-ABE3EBDDCEA6}.Debug|Win32.ActiveCfg = Debug|Win32
		{565E2F1E-E39D-4B19-9ED8-ABE3EBDDCEA6}.Debug|Win32.Build.0 = Debug|Win32
		{565E2F1E-E39D-4B19-9ED8-ABE3EBDDCEA6}.Release|Win32.ActiveCfg = Release|Win32
		{565E2F1E-E39D-4B19-9ED8-ABE3EBDDCEA6}.Release|Win32.Build.0 = Release|Win32
	EndGlobalSection
	GlobalSection(SolutionProperties) = preSolution
		HideSolutionNode = FALSE
	EndGlobalSection
EndGlobal
