
Microsoft Visual Studio Solution File, Format Version 10.00
# Visual C++ Express 2008
Project("{8BC9CEB8-8B4A-11D0-8D11-00A0C91BC942}") = "string_comparison_prgm", "string_comparison_prgm\string_comparison_prgm.vcproj", "{6C8B8115-979C-4846-96DC-5C477112E641}"
EndProject
Global
	GlobalSection(SolutionConfigurationPlatforms) = preSolution
		Debug|Win32 = Debug|Win32
		Release|Win32 = Release|Win32
	EndGlobalSection
	GlobalSection(ProjectConfigurationPlatforms) = postSolution
		{6C8B8115-979C-4846-96DC-5C477112E641}.Debug|Win32.ActiveCfg = Debug|Win32
		{6C8B8115-979C-4846-96DC-5C477112E641}.Debug|Win32.Build.0 = Debug|Win32
		{6C8B8115-979C-4846-96DC-5C477112E641}.Release|Win32.ActiveCfg = Release|Win32
		{6C8B8115-979C-4846-96DC-5C477112E641}.Release|Win32.Build.0 = Release|Win32
	EndGlobalSection
	GlobalSection(SolutionProperties) = preSolution
		HideSolutionNode = FALSE
	EndGlobalSection
EndGlobal
