
Microsoft Visual Studio Solution File, Format Version 10.00
# Visual C++ Express 2008
Project("{8BC9CEB8-8B4A-11D0-8D11-00A0C91BC942}") = "CLass.h", "CLass.h\CLass.h.vcproj", "{456A3D9B-B20D-49C7-9552-728BBFB4065A}"
EndProject
Global
	GlobalSection(SolutionConfigurationPlatforms) = preSolution
		Debug|Win32 = Debug|Win32
		Release|Win32 = Release|Win32
	EndGlobalSection
	GlobalSection(ProjectConfigurationPlatforms) = postSolution
		{456A3D9B-B20D-49C7-9552-728BBFB4065A}.Debug|Win32.ActiveCfg = Debug|Win32
		{456A3D9B-B20D-49C7-9552-728BBFB4065A}.Debug|Win32.Build.0 = Debug|Win32
		{456A3D9B-B20D-49C7-9552-728BBFB4065A}.Release|Win32.ActiveCfg = Release|Win32
		{456A3D9B-B20D-49C7-9552-728BBFB4065A}.Release|Win32.Build.0 = Release|Win32
	EndGlobalSection
	GlobalSection(SolutionProperties) = preSolution
		HideSolutionNode = FALSE
	EndGlobalSection
EndGlobal
