
Microsoft Visual Studio Solution File, Format Version 10.00
# Visual C++ Express 2008
Project("{8BC9CEB8-8B4A-11D0-8D11-00A0C91BC942}") = "Union.c", "Union.c\Union.c.vcproj", "{F755325E-D453-496C-A750-FC4234F23B5C}"
EndProject
Global
	GlobalSection(SolutionConfigurationPlatforms) = preSolution
		Debug|Win32 = Debug|Win32
		Release|Win32 = Release|Win32
	EndGlobalSection
	GlobalSection(ProjectConfigurationPlatforms) = postSolution
		{F755325E-D453-496C-A750-FC4234F23B5C}.Debug|Win32.ActiveCfg = Debug|Win32
		{F755325E-D453-496C-A750-FC4234F23B5C}.Debug|Win32.Build.0 = Debug|Win32
		{F755325E-D453-496C-A750-FC4234F23B5C}.Release|Win32.ActiveCfg = Release|Win32
		{F755325E-D453-496C-A750-FC4234F23B5C}.Release|Win32.Build.0 = Release|Win32
	EndGlobalSection
	GlobalSection(SolutionProperties) = preSolution
		HideSolutionNode = FALSE
	EndGlobalSection
EndGlobal
