
Microsoft Visual Studio Solution File, Format Version 10.00
# Visual C++ Express 2008
Project("{8BC9CEB8-8B4A-11D0-8D11-00A0C91BC942}") = "Virtual.c", "Virtual.c\Virtual.c.vcproj", "{5B24C7FE-3A0A-41A1-8965-6EB0A7C96FA3}"
EndProject
Global
	GlobalSection(SolutionConfigurationPlatforms) = preSolution
		Debug|Win32 = Debug|Win32
		Release|Win32 = Release|Win32
	EndGlobalSection
	GlobalSection(ProjectConfigurationPlatforms) = postSolution
		{5B24C7FE-3A0A-41A1-8965-6EB0A7C96FA3}.Debug|Win32.ActiveCfg = Debug|Win32
		{5B24C7FE-3A0A-41A1-8965-6EB0A7C96FA3}.Debug|Win32.Build.0 = Debug|Win32
		{5B24C7FE-3A0A-41A1-8965-6EB0A7C96FA3}.Release|Win32.ActiveCfg = Release|Win32
		{5B24C7FE-3A0A-41A1-8965-6EB0A7C96FA3}.Release|Win32.Build.0 = Release|Win32
	EndGlobalSection
	GlobalSection(SolutionProperties) = preSolution
		HideSolutionNode = FALSE
	EndGlobalSection
EndGlobal
