
Microsoft Visual Studio Solution File, Format Version 10.00
# Visual C++ Express 2008
Project("{8BC9CEB8-8B4A-11D0-8D11-00A0C91BC942}") = "py", "py\py.vcproj", "{EDB8457E-96EC-4E98-B1F8-283E1324FFB8}"
EndProject
Global
	GlobalSection(SolutionConfigurationPlatforms) = preSolution
		Debug|Win32 = Debug|Win32
		Release|Win32 = Release|Win32
	EndGlobalSection
	GlobalSection(ProjectConfigurationPlatforms) = postSolution
		{EDB8457E-96EC-4E98-B1F8-283E1324FFB8}.Debug|Win32.ActiveCfg = Debug|Win32
		{EDB8457E-96EC-4E98-B1F8-283E1324FFB8}.Debug|Win32.Build.0 = Debug|Win32
		{EDB8457E-96EC-4E98-B1F8-283E1324FFB8}.Release|Win32.ActiveCfg = Release|Win32
		{EDB8457E-96EC-4E98-B1F8-283E1324FFB8}.Release|Win32.Build.0 = Release|Win32
	EndGlobalSection
	GlobalSection(SolutionProperties) = preSolution
		HideSolutionNode = FALSE
	EndGlobalSection
EndGlobal
