
Microsoft Visual Studio Solution File, Format Version 10.00
# Visual C++ Express 2008
Project("{8BC9CEB8-8B4A-11D0-8D11-00A0C91BC942}") = "direct_indirect_recursion", "direct_indirect_recursion\direct_indirect_recursion.vcproj", "{11DDE954-F70E-44CB-A917-FB9D1FD8E38C}"
EndProject
Global
	GlobalSection(SolutionConfigurationPlatforms) = preSolution
		Debug|Win32 = Debug|Win32
		Release|Win32 = Release|Win32
	EndGlobalSection
	GlobalSection(ProjectConfigurationPlatforms) = postSolution
		{11DDE954-F70E-44CB-A917-FB9D1FD8E38C}.Debug|Win32.ActiveCfg = Debug|Win32
		{11DDE954-F70E-44CB-A917-FB9D1FD8E38C}.Debug|Win32.Build.0 = Debug|Win32
		{11DDE954-F70E-44CB-A917-FB9D1FD8E38C}.Release|Win32.ActiveCfg = Release|Win32
		{11DDE954-F70E-44CB-A917-FB9D1FD8E38C}.Release|Win32.Build.0 = Release|Win32
	EndGlobalSection
	GlobalSection(SolutionProperties) = preSolution
		HideSolutionNode = FALSE
	EndGlobalSection
EndGlobal
