
Microsoft Visual Studio Solution File, Format Version 10.00
# Visual C++ Express 2008
Project("{8BC9CEB8-8B4A-11D0-8D11-00A0C91BC942}") = "trasnpose_of_matrix", "trasnpose_of_matrix\trasnpose_of_matrix.vcproj", "{9972720A-AFE1-45C3-BF12-B87EF484AC4B}"
EndProject
Global
	GlobalSection(SolutionConfigurationPlatforms) = preSolution
		Debug|Win32 = Debug|Win32
		Release|Win32 = Release|Win32
	EndGlobalSection
	GlobalSection(ProjectConfigurationPlatforms) = postSolution
		{9972720A-AFE1-45C3-BF12-B87EF484AC4B}.Debug|Win32.ActiveCfg = Debug|Win32
		{9972720A-AFE1-45C3-BF12-B87EF484AC4B}.Debug|Win32.Build.0 = Debug|Win32
		{9972720A-AFE1-45C3-BF12-B87EF484AC4B}.Release|Win32.ActiveCfg = Release|Win32
		{9972720A-AFE1-45C3-BF12-B87EF484AC4B}.Release|Win32.Build.0 = Release|Win32
	EndGlobalSection
	GlobalSection(SolutionProperties) = preSolution
		HideSolutionNode = FALSE
	EndGlobalSection
EndGlobal
