
Microsoft Visual Studio Solution File, Format Version 10.00
# Visual C++ Express 2008
Project("{8BC9CEB8-8B4A-11D0-8D11-00A0C91BC942}") = "Formul", "Formul\Formul.vcproj", "{21DEB252-73A5-4D8E-B350-BD1316AAAE41}"
EndProject
Global
	GlobalSection(SolutionConfigurationPlatforms) = preSolution
		Debug|Win32 = Debug|Win32
		Release|Win32 = Release|Win32
	EndGlobalSection
	GlobalSection(ProjectConfigurationPlatforms) = postSolution
		{21DEB252-73A5-4D8E-B350-BD1316AAAE41}.Debug|Win32.ActiveCfg = Debug|Win32
		{21DEB252-73A5-4D8E-B350-BD1316AAAE41}.Debug|Win32.Build.0 = Debug|Win32
		{21DEB252-73A5-4D8E-B350-BD1316AAAE41}.Release|Win32.ActiveCfg = Release|Win32
		{21DEB252-73A5-4D8E-B350-BD1316AAAE41}.Release|Win32.Build.0 = Release|Win32
	EndGlobalSection
	GlobalSection(SolutionProperties) = preSolution
		HideSolutionNode = FALSE
	EndGlobalSection
EndGlobal
