
Microsoft Visual Studio Solution File, Format Version 10.00
# Visual C++ Express 2008
Project("{8BC9CEB8-8B4A-11D0-8D11-00A0C91BC942}") = "array_strrev_function", "array_strrev_function\array_strrev_function.vcproj", "{E0E2B9EE-3891-478C-B03E-483AAE4E643A}"
EndProject
Global
	GlobalSection(SolutionConfigurationPlatforms) = preSolution
		Debug|Win32 = Debug|Win32
		Release|Win32 = Release|Win32
	EndGlobalSection
	GlobalSection(ProjectConfigurationPlatforms) = postSolution
		{E0E2B9EE-3891-478C-B03E-483AAE4E643A}.Debug|Win32.ActiveCfg = Debug|Win32
		{E0E2B9EE-3891-478C-B03E-483AAE4E643A}.Debug|Win32.Build.0 = Debug|Win32
		{E0E2B9EE-3891-478C-B03E-483AAE4E643A}.Release|Win32.ActiveCfg = Release|Win32
		{E0E2B9EE-3891-478C-B03E-483AAE4E643A}.Release|Win32.Build.0 = Release|Win32
	EndGlobalSection
	GlobalSection(SolutionProperties) = preSolution
		HideSolutionNode = FALSE
	EndGlobalSection
EndGlobal
