
Microsoft Visual Studio Solution File, Format Version 10.00
# Visual C++ Express 2008
Project("{8BC9CEB8-8B4A-11D0-8D11-00A0C91BC942}") = "destructor.cpp", "destructor.cpp\destructor.cpp.vcproj", "{43EE4A6A-6903-484E-A57E-4B8D49394844}"
EndProject
Global
	GlobalSection(SolutionConfigurationPlatforms) = preSolution
		Debug|Win32 = Debug|Win32
		Release|Win32 = Release|Win32
	EndGlobalSection
	GlobalSection(ProjectConfigurationPlatforms) = postSolution
		{43EE4A6A-6903-484E-A57E-4B8D49394844}.Debug|Win32.ActiveCfg = Debug|Win32
		{43EE4A6A-6903-484E-A57E-4B8D49394844}.Debug|Win32.Build.0 = Debug|Win32
		{43EE4A6A-6903-484E-A57E-4B8D49394844}.Release|Win32.ActiveCfg = Release|Win32
		{43EE4A6A-6903-484E-A57E-4B8D49394844}.Release|Win32.Build.0 = Release|Win32
	EndGlobalSection
	GlobalSection(SolutionProperties) = preSolution
		HideSolutionNode = FALSE
	EndGlobalSection
EndGlobal
