
Microsoft Visual Studio Solution File, Format Version 10.00
# Visual C++ Express 2008
Project("{8BC9CEB8-8B4A-11D0-8D11-00A0C91BC942}") = "2008_cppclass", "2008_cppclass\2008_cppclass.vcproj", "{987B8809-31E3-4248-8DCD-FEF0BFF423AB}"
EndProject
Global
	GlobalSection(SolutionConfigurationPlatforms) = preSolution
		Debug|Win32 = Debug|Win32
		Release|Win32 = Release|Win32
	EndGlobalSection
	GlobalSection(ProjectConfigurationPlatforms) = postSolution
		{987B8809-31E3-4248-8DCD-FEF0BFF423AB}.Debug|Win32.ActiveCfg = Debug|Win32
		{987B8809-31E3-4248-8DCD-FEF0BFF423AB}.Debug|Win32.Build.0 = Debug|Win32
		{987B8809-31E3-4248-8DCD-FEF0BFF423AB}.Release|Win32.ActiveCfg = Release|Win32
		{987B8809-31E3-4248-8DCD-FEF0BFF423AB}.Release|Win32.Build.0 = Release|Win32
	EndGlobalSection
	GlobalSection(SolutionProperties) = preSolution
		HideSolutionNode = FALSE
	EndGlobalSection
EndGlobal
