
Microsoft Visual Studio Solution File, Format Version 10.00
# Visual C++ Express 2008
Project("{8BC9CEB8-8B4A-11D0-8D11-00A0C91BC942}") = "Array2.c", "Array2.c\Array2.c.vcproj", "{D89ED532-D7E7-4727-AACB-8F9FE176894F}"
EndProject
Global
	GlobalSection(SolutionConfigurationPlatforms) = preSolution
		Debug|Win32 = Debug|Win32
		Release|Win32 = Release|Win32
	EndGlobalSection
	GlobalSection(ProjectConfigurationPlatforms) = postSolution
		{D89ED532-D7E7-4727-AACB-8F9FE176894F}.Debug|Win32.ActiveCfg = Debug|Win32
		{D89ED532-D7E7-4727-AACB-8F9FE176894F}.Debug|Win32.Build.0 = Debug|Win32
		{D89ED532-D7E7-4727-AACB-8F9FE176894F}.Release|Win32.ActiveCfg = Release|Win32
		{D89ED532-D7E7-4727-AACB-8F9FE176894F}.Release|Win32.Build.0 = Release|Win32
	EndGlobalSection
	GlobalSection(SolutionProperties) = preSolution
		HideSolutionNode = FALSE
	EndGlobalSection
EndGlobal
