
Microsoft Visual Studio Solution File, Format Version 10.00
# Visual C++ Express 2008
Project("{8BC9CEB8-8B4A-11D0-8D11-00A0C91BC942}") = "assin factorial in return", "assin factorial in return\assin factorial in return.vcproj", "{0410A758-1034-43D2-8100-34F85143270C}"
EndProject
Global
	GlobalSection(SolutionConfigurationPlatforms) = preSolution
		Debug|Win32 = Debug|Win32
		Release|Win32 = Release|Win32
	EndGlobalSection
	GlobalSection(ProjectConfigurationPlatforms) = postSolution
		{0410A758-1034-43D2-8100-34F85143270C}.Debug|Win32.ActiveCfg = Debug|Win32
		{0410A758-1034-43D2-8100-34F85143270C}.Debug|Win32.Build.0 = Debug|Win32
		{0410A758-1034-43D2-8100-34F85143270C}.Release|Win32.ActiveCfg = Release|Win32
		{0410A758-1034-43D2-8100-34F85143270C}.Release|Win32.Build.0 = Release|Win32
	EndGlobalSection
	GlobalSection(SolutionProperties) = preSolution
		HideSolutionNode = FALSE
	EndGlobalSection
EndGlobal
