
Microsoft Visual Studio Solution File, Format Version 10.00
# Visual C++ Express 2008
Project("{8BC9CEB8-8B4A-11D0-8D11-00A0C91BC942}") = "shallow_and_deep_copy", "shallow_and_deep_copy\shallow_and_deep_copy.vcproj", "{D51AE9EC-76AB-47B2-9F7C-65A6A8EF81A9}"
EndProject
Global
	GlobalSection(SolutionConfigurationPlatforms) = preSolution
		Debug|Win32 = Debug|Win32
		Release|Win32 = Release|Win32
	EndGlobalSection
	GlobalSection(ProjectConfigurationPlatforms) = postSolution
		{D51AE9EC-76AB-47B2-9F7C-65A6A8EF81A9}.Debug|Win32.ActiveCfg = Debug|Win32
		{D51AE9EC-76AB-47B2-9F7C-65A6A8EF81A9}.Debug|Win32.Build.0 = Debug|Win32
		{D51AE9EC-76AB-47B2-9F7C-65A6A8EF81A9}.Release|Win32.ActiveCfg = Release|Win32
		{D51AE9EC-76AB-47B2-9F7C-65A6A8EF81A9}.Release|Win32.Build.0 = Release|Win32
	EndGlobalSection
	GlobalSection(SolutionProperties) = preSolution
		HideSolutionNode = FALSE
	EndGlobalSection
EndGlobal
