
Microsoft Visual Studio Solution File, Format Version 10.00
# Visual C++ Express 2008
Project("{8BC9CEB8-8B4A-11D0-8D11-00A0C91BC942}") = "array_5d", "array_5d\array_5d.vcproj", "{2E1864A6-B29B-445D-AFD1-1C84D193F385}"
EndProject
Global
	GlobalSection(SolutionConfigurationPlatforms) = preSolution
		Debug|Win32 = Debug|Win32
		Release|Win32 = Release|Win32
	EndGlobalSection
	GlobalSection(ProjectConfigurationPlatforms) = postSolution
		{2E1864A6-B29B-445D-AFD1-1C84D193F385}.Debug|Win32.ActiveCfg = Debug|Win32
		{2E1864A6-B29B-445D-AFD1-1C84D193F385}.Debug|Win32.Build.0 = Debug|Win32
		{2E1864A6-B29B-445D-AFD1-1C84D193F385}.Release|Win32.ActiveCfg = Release|Win32
		{2E1864A6-B29B-445D-AFD1-1C84D193F385}.Release|Win32.Build.0 = Release|Win32
	EndGlobalSection
	GlobalSection(SolutionProperties) = preSolution
		HideSolutionNode = FALSE
	EndGlobalSection
EndGlobal
