
Microsoft Visual Studio Solution File, Format Version 10.00
# Visual C++ Express 2008
Project("{8BC9CEB8-8B4A-11D0-8D11-00A0C91BC942}") = "practise add", "practise add\practise add.vcproj", "{E76FF458-35BA-45B8-949A-99F34623ED78}"
EndProject
Global
	GlobalSection(SolutionConfigurationPlatforms) = preSolution
		Debug|Win32 = Debug|Win32
		Release|Win32 = Release|Win32
	EndGlobalSection
	GlobalSection(ProjectConfigurationPlatforms) = postSolution
		{E76FF458-35BA-45B8-949A-99F34623ED78}.Debug|Win32.ActiveCfg = Debug|Win32
		{E76FF458-35BA-45B8-949A-99F34623ED78}.Debug|Win32.Build.0 = Debug|Win32
		{E76FF458-35BA-45B8-949A-99F34623ED78}.Release|Win32.ActiveCfg = Release|Win32
		{E76FF458-35BA-45B8-949A-99F34623ED78}.Release|Win32.Build.0 = Release|Win32
	EndGlobalSection
	GlobalSection(SolutionProperties) = preSolution
		HideSolutionNode = FALSE
	EndGlobalSection
EndGlobal
