
Microsoft Visual Studio Solution File, Format Version 10.00
# Visual C++ Express 2008
Project("{8BC9CEB8-8B4A-11D0-8D11-00A0C91BC942}") = "PreIncrement", "PreIncrement\PreIncrement.vcproj", "{15670676-C52D-46EE-B115-F4500E262570}"
EndProject
Global
	GlobalSection(SolutionConfigurationPlatforms) = preSolution
		Debug|Win32 = Debug|Win32
		Release|Win32 = Release|Win32
	EndGlobalSection
	GlobalSection(ProjectConfigurationPlatforms) = postSolution
		{15670676-C52D-46EE-B115-F4500E262570}.Debug|Win32.ActiveCfg = Debug|Win32
		{15670676-C52D-46EE-B115-F4500E262570}.Debug|Win32.Build.0 = Debug|Win32
		{15670676-C52D-46EE-B115-F4500E262570}.Release|Win32.ActiveCfg = Release|Win32
		{15670676-C52D-46EE-B115-F4500E262570}.Release|Win32.Build.0 = Release|Win32
	EndGlobalSection
	GlobalSection(SolutionProperties) = preSolution
		HideSolutionNode = FALSE
	EndGlobalSection
EndGlobal
