
Microsoft Visual Studio Solution File, Format Version 10.00
# Visual C++ Express 2008
Project("{8BC9CEB8-8B4A-11D0-8D11-00A0C91BC942}") = "conditional operation", "conditional operation\conditional operation.vcproj", "{2DF38778-D192-4057-8559-C221C9AAD0CE}"
EndProject
Global
	GlobalSection(SolutionConfigurationPlatforms) = preSolution
		Debug|Win32 = Debug|Win32
		Release|Win32 = Release|Win32
	EndGlobalSection
	GlobalSection(ProjectConfigurationPlatforms) = postSolution
		{2DF38778-D192-4057-8559-C221C9AAD0CE}.Debug|Win32.ActiveCfg = Debug|Win32
		{2DF38778-D192-4057-8559-C221C9AAD0CE}.Debug|Win32.Build.0 = Debug|Win32
		{2DF38778-D192-4057-8559-C221C9AAD0CE}.Release|Win32.ActiveCfg = Release|Win32
		{2DF38778-D192-4057-8559-C221C9AAD0CE}.Release|Win32.Build.0 = Release|Win32
	EndGlobalSection
	GlobalSection(SolutionProperties) = preSolution
		HideSolutionNode = FALSE
	EndGlobalSection
EndGlobal
