
Microsoft Visual Studio Solution File, Format Version 10.00
# Visual C++ Express 2008
Project("{8BC9CEB8-8B4A-11D0-8D11-00A0C91BC942}") = "DEMO", "DEMO\DEMO.vcproj", "{0949578E-CF4A-4E4B-B753-0A98B9A1F566}"
EndProject
Global
	GlobalSection(SolutionConfigurationPlatforms) = preSolution
		Debug|Win32 = Debug|Win32
		Release|Win32 = Release|Win32
	EndGlobalSection
	GlobalSection(ProjectConfigurationPlatforms) = postSolution
		{0949578E-CF4A-4E4B-B753-0A98B9A1F566}.Debug|Win32.ActiveCfg = Debug|Win32
		{0949578E-CF4A-4E4B-B753-0A98B9A1F566}.Debug|Win32.Build.0 = Debug|Win32
		{0949578E-CF4A-4E4B-B753-0A98B9A1F566}.Release|Win32.ActiveCfg = Release|Win32
		{0949578E-CF4A-4E4B-B753-0A98B9A1F566}.Release|Win32.Build.0 = Release|Win32
	EndGlobalSection
	GlobalSection(SolutionProperties) = preSolution
		HideSolutionNode = FALSE
	EndGlobalSection
EndGlobal
