
Microsoft Visual Studio Solution File, Format Version 10.00
# Visual C++ Express 2008
Project("{8BC9CEB8-8B4A-11D0-8D11-00A0C91BC942}") = "recursive sample prgm", "recursive sample prgm\recursive sample prgm.vcproj", "{EADD7C3F-DF9F-4F6B-AAF2-36A1F8D189DC}"
EndProject
Global
	GlobalSection(SolutionConfigurationPlatforms) = preSolution
		Debug|Win32 = Debug|Win32
		Release|Win32 = Release|Win32
	EndGlobalSection
	GlobalSection(ProjectConfigurationPlatforms) = postSolution
		{EADD7C3F-DF9F-4F6B-AAF2-36A1F8D189DC}.Debug|Win32.ActiveCfg = Debug|Win32
		{EADD7C3F-DF9F-4F6B-AAF2-36A1F8D189DC}.Debug|Win32.Build.0 = Debug|Win32
		{EADD7C3F-DF9F-4F6B-AAF2-36A1F8D189DC}.Release|Win32.ActiveCfg = Release|Win32
		{EADD7C3F-DF9F-4F6B-AAF2-36A1F8D189DC}.Release|Win32.Build.0 = Release|Win32
	EndGlobalSection
	GlobalSection(SolutionProperties) = preSolution
		HideSolutionNode = FALSE
	EndGlobalSection
EndGlobal
